
Microsoft Visual Studio Solution File, Format Version 12.00
# Visual Studio Version 17
VisualStudioVersion = 17.7.34024.191
MinimumVisualStudioVersion = 10.0.40219.1
Project("{8BC9CEB8-8B4A-11D0-8D11-00A0C91BC942}") = "int_double", "int_double.vcxproj", "{5B87652B-B874-4CE7-AB20-391F25D8538C}"
EndProject
Global
	GlobalSection(SolutionConfigurationPlatforms) = preSolution
		Debug|x64 = Debug|x64
		Debug|x86 = Debug|x86
		Release|x64 = Release|x64
		Release|x86 = Release|x86
	EndGlobalSection
	GlobalSection(ProjectConfigurationPlatforms) = postSolution
		{5B87652B-B874-4CE7-AB20-391F25D8538C}.Debug|x64.ActiveCfg = Debug|x64
		{5B87652B-B874-4CE7-AB20-391F25D8538C}.Debug|x64.Build.0 = Debug|x64
		{5B87652B-B874-4CE7-AB20-391F25D8538C}.Debug|x86.ActiveCfg = Debug|Win32
		{5B87652B-B874-4CE7-AB20-391F25D8538C}.Debug|x86.Build.0 = Debug|Win32
		{5B87652B-B874-4CE7-AB20-391F25D8538C}.Release|x64.ActiveCfg = Release|x64
		{5B87652B-B874-4CE7-AB20-391F25D8538C}.Release|x64.Build.0 = Release|x64
		{5B87652B-B874-4CE7-AB20-391F25D8538C}.Release|x86.ActiveCfg = Release|Win32
		{5B87652B-B874-4CE7-AB20-391F25D8538C}.Release|x86.Build.0 = Release|Win32
	EndGlobalSection
	GlobalSection(SolutionProperties) = preSolution
		HideSolutionNode = FALSE
	EndGlobalSection
	GlobalSection(ExtensibilityGlobals) = postSolution
		SolutionGuid = {A269C675-D1FE-443D-A2D2-8B1BC4308144}
	EndGlobalSection
EndGlobal
